
Microsoft Visual Studio Solution File, Format Version 12.00
# Visual Studio Version 17
VisualStudioVersion = 17.6.33712.159
MinimumVisualStudioVersion = 10.0.40219.1
Project("{9A19103F-16F7-4668-BE54-9A1E7A4F7556}") = "Blazor.FurnitureStore.Server", "Server\Blazor.FurnitureStore.Server.csproj", "{B2AB2B43-A2EE-4E06-AFCC-9CB7B6E6B2AE}"
EndProject
Project("{9A19103F-16F7-4668-BE54-9A1E7A4F7556}") = "Blazor.FurnitureStore.Client", "Client\Blazor.FurnitureStore.Client.csproj", "{139E987E-42CE-4E8C-8B83-195B6C4FF3F1}"
EndProject
Project("{9A19103F-16F7-4668-BE54-9A1E7A4F7556}") = "Blazor.FurnitureStore.Shared", "Shared\Blazor.FurnitureStore.Shared.csproj", "{414CAB76-D295-4BFE-B748-FD0AC9CA3BC9}"
EndProject
Project("{9A19103F-16F7-4668-BE54-9A1E7A4F7556}") = "Blazor.FurnitureStore.Repositories", "..\Blazor.FurnitureStore.Repositories\Blazor.FurnitureStore.Repositories.csproj", "{AC044456-9B86-4BDC-AF03-1EE9C20F7E82}"
EndProject
Global
	GlobalSection(SolutionConfigurationPlatforms) = preSolution
		Debug|Any CPU = Debug|Any CPU
		Release|Any CPU = Release|Any CPU
	EndGlobalSection
	GlobalSection(ProjectConfigurationPlatforms) = postSolution
		{B2AB2B43-A2EE-4E06-AFCC-9CB7B6E6B2AE}.Debug|Any CPU.ActiveCfg = Debug|Any CPU
		{B2AB2B43-A2EE-4E06-AFCC-9CB7B6E6B2AE}.Debug|Any CPU.Build.0 = Debug|Any CPU
		{B2AB2B43-A2EE-4E06-AFCC-9CB7B6E6B2AE}.Release|Any CPU.ActiveCfg = Release|Any CPU
		{B2AB2B43-A2EE-4E06-AFCC-9CB7B6E6B2AE}.Release|Any CPU.Build.0 = Release|Any CPU
		{139E987E-42CE-4E8C-8B83-195B6C4FF3F1}.Debug|Any CPU.ActiveCfg = Debug|Any CPU
		{139E987E-42CE-4E8C-8B83-195B6C4FF3F1}.Debug|Any CPU.Build.0 = Debug|Any CPU
		{139E987E-42CE-4E8C-8B83-195B6C4FF3F1}.Release|Any CPU.ActiveCfg = Release|Any CPU
		{139E987E-42CE-4E8C-8B83-195B6C4FF3F1}.Release|Any CPU.Build.0 = Release|Any CPU
		{414CAB76-D295-4BFE-B748-FD0AC9CA3BC9}.Debug|Any CPU.ActiveCfg = Debug|Any CPU
		{414CAB76-D295-4BFE-B748-FD0AC9CA3BC9}.Debug|Any CPU.Build.0 = Debug|Any CPU
		{414CAB76-D295-4BFE-B748-FD0AC9CA3BC9}.Release|Any CPU.ActiveCfg = Release|Any CPU
		{414CAB76-D295-4BFE-B748-FD0AC9CA3BC9}.Release|Any CPU.Build.0 = Release|Any CPU
		{AC044456-9B86-4BDC-AF03-1EE9C20F7E82}.Debug|Any CPU.ActiveCfg = Debug|Any CPU
		{AC044456-9B86-4BDC-AF03-1EE9C20F7E82}.Debug|Any CPU.Build.0 = Debug|Any CPU
		{AC044456-9B86-4BDC-AF03-1EE9C20F7E82}.Release|Any CPU.ActiveCfg = Release|Any CPU
		{AC044456-9B86-4BDC-AF03-1EE9C20F7E82}.Release|Any CPU.Build.0 = Release|Any CPU
	EndGlobalSection
	GlobalSection(SolutionProperties) = preSolution
		HideSolutionNode = FALSE
	EndGlobalSection
	GlobalSection(ExtensibilityGlobals) = postSolution
		SolutionGuid = {65F3F0D9-BC49-4DEF-BC03-E6EE17E1E0AB}
	EndGlobalSection
EndGlobal
